{
  "name": "@tervis/tervisadobescene7customyzerjs",
  "version": "0.1.25",
  "lockfileVersion": 1,
  "requires": true,
  "dependencies": {
    "@tervis/adobescene7js": {
      "version": "0.1.8",
      "resolved": "https://registry.npmjs.org/@tervis/adobescene7js/-/adobescene7js-0.1.8.tgz",
      "integrity": "sha512-52toAThaoy0g7q/iB4Gw3kIdVHy0TjKDO1o6N8NCEKFE6eu5S16PKLJ+5SvbnFUaA1RdKgNaFmEVUSJRcUX7sQ=="
    },
    "@tervis/tervisadobescene7js": {
      "version": "0.1.95",
      "resolved": "https://registry.npmjs.org/@tervis/tervisadobescene7js/-/tervisadobescene7js-0.1.95.tgz",
      "integrity": "sha512-iiRwiYxCJw4iD1j4wqPurTLCPQ0Neu253L5IpnLJmNjXiQ8vVhBbjBYHZw3nk5ZHRmk2VBvsaKsvR0GSzTmZzg==",
      "requires": {
        "@tervis/adobescene7js": "^0.1.8",
        "@tervis/tervisproductmetadata": "^1.0.46",
        "@tervis/tervisutilityjs": "^0.1.12"
      },
      "dependencies": {
        "@tervis/adobescene7js": {
          "version": "0.1.8",
          "resolved": "https://registry.npmjs.org/@tervis/adobescene7js/-/adobescene7js-0.1.8.tgz",
          "integrity": "sha512-52toAThaoy0g7q/iB4Gw3kIdVHy0TjKDO1o6N8NCEKFE6eu5S16PKLJ+5SvbnFUaA1RdKgNaFmEVUSJRcUX7sQ=="
        },
        "@tervis/tervisproductmetadata": {
          "version": "1.0.46",
          "resolved": "https://registry.npmjs.org/@tervis/tervisproductmetadata/-/tervisproductmetadata-1.0.46.tgz",
          "integrity": "sha512-TwYVk1kyvvSQZNh752s4AbaB4laz6b6qXkQl8zyhSMsF/fVbnLZUYoqTRaHXeuBI3TTmowtmBKmf7WNjNJTxSw==",
          "requires": {
            "@tervis/tervisutilityjs": "^0.1.12",
            "node-fetch": "^2.6.0"
          }
        }
      }
    },
    "@tervis/tervisproductmetadata": {
      "version": "1.0.50",
      "resolved": "https://registry.npmjs.org/@tervis/tervisproductmetadata/-/tervisproductmetadata-1.0.50.tgz",
      "integrity": "sha512-rmd7I3AXPTKOceSEDBie7yR6BdcwNH44yhtV0KAAFCPKX8gZBfK7QcgUb0cZz6HmRcZP6b2qnRUmRhJGKV9xPw==",
      "requires": {
        "@tervis/tervisutilityjs": "^0.1.12",
        "node-fetch": "^2.6.0"
      }
    },
    "@tervis/tervisutilityjs": {
      "version": "0.1.12",
      "resolved": "https://registry.npmjs.org/@tervis/tervisutilityjs/-/tervisutilityjs-0.1.12.tgz",
      "integrity": "sha512-GmKQiy9+nfUaxJ0RmKz+1ihzKiD/e2RDoKliUlpVaIDNW4v/K/FHn3Av7WjEBc44RwNoXgmxL6cT5Rc+y58j8A=="
    },
    "node-fetch": {
      "version": "2.6.0",
      "resolved": "https://registry.npmjs.org/node-fetch/-/node-fetch-2.6.0.tgz",
      "integrity": "sha512-8dG4H5ujfvFiqDmVu9fQ5bOHUC15JMjMY/Zumv26oOvvVJjM67KF8koCWIabKQ1GJIa9r2mMZscBq/TbdOcmNA=="
    }
  }
}
