{
  "name": "@tervis/tervisadobescene7customyzerjs",
  "version": "0.1.20",
  "lockfileVersion": 1,
  "requires": true,
  "dependencies": {
    "@tervis/adobescene7js": {
      "version": "0.1.5",
      "resolved": "https://registry.npmjs.org/@tervis/adobescene7js/-/adobescene7js-0.1.5.tgz",
      "integrity": "sha512-cLsnC2FQVxQ6CisextCHcyYAj6LLLsz2FRnt1AGlroe9D039DaKMqZxZfyY6XPRU/3TSmTBJvGyuFCstVxgYRQ=="
    },
    "@tervis/tervisadobescene7js": {
      "version": "0.1.85",
      "resolved": "https://registry.npmjs.org/@tervis/tervisadobescene7js/-/tervisadobescene7js-0.1.85.tgz",
      "integrity": "sha512-SFL4kwEd9oLOunX8iIUaqeVmwFm+auTcOJZzgjpmPr5xDK0mkWyqyQEyQmwf6mMP1w571OLT8B0/O1OhimPEkQ==",
      "requires": {
        "@tervis/adobescene7js": "^0.1.0",
        "@tervis/tervisproductmetadata": "^1.0.17",
        "@tervis/tervisutilityjs": "^0.1.0"
      }
    },
    "@tervis/tervisproductmetadata": {
      "version": "1.0.30",
      "resolved": "https://registry.npmjs.org/@tervis/tervisproductmetadata/-/tervisproductmetadata-1.0.30.tgz",
      "integrity": "sha512-DDISgOO2g4eTzDEpNcF8Ac0XTiTQGje6Ed02X+OGp/CWkR87e+nQ1L1h2ITTQoEHTMwBj809zWdz9AsEhVETgA==",
      "requires": {
        "@tervis/tervisutilityjs": "^0.1.0",
        "node-fetch": "^2.6.0"
      }
    },
    "@tervis/tervisutilityjs": {
      "version": "0.1.8",
      "resolved": "https://registry.npmjs.org/@tervis/tervisutilityjs/-/tervisutilityjs-0.1.8.tgz",
      "integrity": "sha512-W/M8NBKDqn/Qcso9ANePojE2aCDGGcfl5WYz02dtkudIpwfvUoBX+kKEo6TPwgJ9/xZ1YJRtZi7gm8vxd0T5VQ=="
    },
    "node-fetch": {
      "version": "2.6.0",
      "resolved": "https://registry.npmjs.org/node-fetch/-/node-fetch-2.6.0.tgz",
      "integrity": "sha512-8dG4H5ujfvFiqDmVu9fQ5bOHUC15JMjMY/Zumv26oOvvVJjM67KF8koCWIabKQ1GJIa9r2mMZscBq/TbdOcmNA=="
    }
  }
}
